
Microsoft Visual Studio Solution File, Format Version 12.00
# Visual Studio Version 17
VisualStudioVersion = 17.1.32328.378
MinimumVisualStudioVersion = 10.0.40219.1
Project("{9A19103F-16F7-4668-BE54-9A1E7A4F7556}") = "ContosoCrafts.WebSite", "ContosoCrafts.WebSite\ContosoCrafts.WebSite.csproj", "{C5E69A39-8AE1-4DFB-BBC3-E1BFF5C9481F}"
EndProject
Global
	GlobalSection(SolutionConfigurationPlatforms) = preSolution
		Debug|Any CPU = Debug|Any CPU
		Release|Any CPU = Release|Any CPU
	EndGlobalSection
	GlobalSection(ProjectConfigurationPlatforms) = postSolution
		{C5E69A39-8AE1-4DFB-BBC3-E1BFF5C9481F}.Debug|Any CPU.ActiveCfg = Debug|Any CPU
		{C5E69A39-8AE1-4DFB-BBC3-E1BFF5C9481F}.Debug|Any CPU.Build.0 = Debug|Any CPU
		{C5E69A39-8AE1-4DFB-BBC3-E1BFF5C9481F}.Release|Any CPU.ActiveCfg = Release|Any CPU
		{C5E69A39-8AE1-4DFB-BBC3-E1BFF5C9481F}.Release|Any CPU.Build.0 = Release|Any CPU
	EndGlobalSection
	GlobalSection(SolutionProperties) = preSolution
		HideSolutionNode = FALSE
	EndGlobalSection
	GlobalSection(ExtensibilityGlobals) = postSolution
		SolutionGuid = {94A6616C-DC2E-41D2-BE96-92DEED2D13A4}
	EndGlobalSection
EndGlobal
